
Microsoft Visual Studio Solution File, Format Version 12.00
# Visual Studio Version 17
VisualStudioVersion = 17.5.002.0
MinimumVisualStudioVersion = 10.0.40219.1
Project("{9A19103F-16F7-4668-BE54-9A1E7A4F7556}") = "Bookify", "Bookify.csproj", "{56718315-BA94-40ED-9A8A-BE6CB223E1F4}"
EndProject
Global
	GlobalSection(SolutionConfigurationPlatforms) = preSolution
		Debug|Any CPU = Debug|Any CPU
		Release|Any CPU = Release|Any CPU
	EndGlobalSection
	GlobalSection(ProjectConfigurationPlatforms) = postSolution
		{56718315-BA94-40ED-9A8A-BE6CB223E1F4}.Debug|Any CPU.ActiveCfg = Debug|Any CPU
		{56718315-BA94-40ED-9A8A-BE6CB223E1F4}.Debug|Any CPU.Build.0 = Debug|Any CPU
		{56718315-BA94-40ED-9A8A-BE6CB223E1F4}.Release|Any CPU.ActiveCfg = Release|Any CPU
		{56718315-BA94-40ED-9A8A-BE6CB223E1F4}.Release|Any CPU.Build.0 = Release|Any CPU
	EndGlobalSection
	GlobalSection(SolutionProperties) = preSolution
		HideSolutionNode = FALSE
	EndGlobalSection
	GlobalSection(ExtensibilityGlobals) = postSolution
		SolutionGuid = {C2168A32-3417-4035-9EE1-0E63A90EAB66}
	EndGlobalSection
EndGlobal
